
Microsoft Visual Studio Solution File, Format Version 12.00
# Visual Studio 15
VisualStudioVersion = 15.0.27703.2042
MinimumVisualStudioVersion = 10.0.40219.1
Project("{FAE04EC0-301F-11D3-BF4B-00C04F79EFBC}") = "RealEstate", "RealEstate\RealEstate.csproj", "{813165A1-F3AC-40A9-91B7-6B07466DD659}"
EndProject
Global
	GlobalSection(SolutionConfigurationPlatforms) = preSolution
		Debug|Any CPU = Debug|Any CPU
		Release|Any CPU = Release|Any CPU
	EndGlobalSection
	GlobalSection(ProjectConfigurationPlatforms) = postSolution
		{813165A1-F3AC-40A9-91B7-6B07466DD659}.Debug|Any CPU.ActiveCfg = Debug|Any CPU
		{813165A1-F3AC-40A9-91B7-6B07466DD659}.Debug|Any CPU.Build.0 = Debug|Any CPU
		{813165A1-F3AC-40A9-91B7-6B07466DD659}.Release|Any CPU.ActiveCfg = Release|Any CPU
		{813165A1-F3AC-40A9-91B7-6B07466DD659}.Release|Any CPU.Build.0 = Release|Any CPU
	EndGlobalSection
	GlobalSection(SolutionProperties) = preSolution
		HideSolutionNode = FALSE
	EndGlobalSection
	GlobalSection(ExtensibilityGlobals) = postSolution
		SolutionGuid = {4CA8C368-0FE9-47CC-A1A2-D76F29743EB2}
	EndGlobalSection
EndGlobal
